
Microsoft Visual Studio Solution File, Format Version 12.00
# Visual Studio 15
VisualStudioVersion = 15.0.27703.2035
MinimumVisualStudioVersion = 10.0.40219.1
Project("{FAE04EC0-301F-11D3-BF4B-00C04F79EFBC}") = "WorkFlowEngine-Practice", "WorkFlowEngine-Practice\WorkFlowEngine-Practice.csproj", "{F7EEA3DC-0C0D-49A3-9B5A-7ECE7B23F5F8}"
EndProject
Global
	GlobalSection(SolutionConfigurationPlatforms) = preSolution
		Debug|Any CPU = Debug|Any CPU
		Release|Any CPU = Release|Any CPU
	EndGlobalSection
	GlobalSection(ProjectConfigurationPlatforms) = postSolution
		{F7EEA3DC-0C0D-49A3-9B5A-7ECE7B23F5F8}.Debug|Any CPU.ActiveCfg = Debug|Any CPU
		{F7EEA3DC-0C0D-49A3-9B5A-7ECE7B23F5F8}.Debug|Any CPU.Build.0 = Debug|Any CPU
		{F7EEA3DC-0C0D-49A3-9B5A-7ECE7B23F5F8}.Release|Any CPU.ActiveCfg = Release|Any CPU
		{F7EEA3DC-0C0D-49A3-9B5A-7ECE7B23F5F8}.Release|Any CPU.Build.0 = Release|Any CPU
	EndGlobalSection
	GlobalSection(SolutionProperties) = preSolution
		HideSolutionNode = FALSE
	EndGlobalSection
	GlobalSection(ExtensibilityGlobals) = postSolution
		SolutionGuid = {6E2A8BBE-AFB5-4112-8B82-54C9C77FFD73}
	EndGlobalSection
EndGlobal
